Microsoft Visual Studio Solution File, Format Version 11.00
# Visual Studio 2008

Project("{7393631B-C173-DBC6-FE45-D707F8926657}") = "MageTower-2", "Assembly-CSharp.csproj", "{12CD14CC-86FF-C011-F032-9828DE98A3A7}"
EndProject
Global
	GlobalSection(SolutionConfigurationPlatforms) = preSolution
		Debug|Any CPU = Debug|Any CPU
		Release|Any CPU = Release|Any CPU
	EndGlobalSection
	GlobalSection(ProjectConfigurationPlatforms) = postSolution
		{12CD14CC-86FF-C011-F032-9828DE98A3A7}.Debug|Any CPU.ActiveCfg = Debug|Any CPU
		{12CD14CC-86FF-C011-F032-9828DE98A3A7}.Debug|Any CPU.Build.0 = Debug|Any CPU
		{12CD14CC-86FF-C011-F032-9828DE98A3A7}.Release|Any CPU.ActiveCfg = Release|Any CPU
		{12CD14CC-86FF-C011-F032-9828DE98A3A7}.Release|Any CPU.Build.0 = Release|Any CPU
	EndGlobalSection
	GlobalSection(SolutionProperties) = preSolution
		HideSolutionNode = FALSE
	EndGlobalSection
	GlobalSection(MonoDevelopProperties) = preSolution
		StartupItem = Assembly-CSharp.csproj
	EndGlobalSection
EndGlobal
