Microsoft Visual Studio Solution File, Format Version 11.00
# Visual Studio 2008

Project("{780B9FD2-3329-868D-4B86-CB3C4644FC00}") = "mageTowerUnityBarebone", "Assembly-CSharp.csproj", "{4E28F4D0-9DFE-8A9A-5B9E-B94F48812A3E}"
EndProject
Global
	GlobalSection(SolutionConfigurationPlatforms) = preSolution
		Debug|Any CPU = Debug|Any CPU
		Release|Any CPU = Release|Any CPU
	EndGlobalSection
	GlobalSection(ProjectConfigurationPlatforms) = postSolution
		{4E28F4D0-9DFE-8A9A-5B9E-B94F48812A3E}.Debug|Any CPU.ActiveCfg = Debug|Any CPU
		{4E28F4D0-9DFE-8A9A-5B9E-B94F48812A3E}.Debug|Any CPU.Build.0 = Debug|Any CPU
		{4E28F4D0-9DFE-8A9A-5B9E-B94F48812A3E}.Release|Any CPU.ActiveCfg = Release|Any CPU
		{4E28F4D0-9DFE-8A9A-5B9E-B94F48812A3E}.Release|Any CPU.Build.0 = Release|Any CPU
	EndGlobalSection
	GlobalSection(SolutionProperties) = preSolution
		HideSolutionNode = FALSE
	EndGlobalSection
	GlobalSection(MonoDevelopProperties) = preSolution
		StartupItem = Assembly-CSharp.csproj
	EndGlobalSection
EndGlobal
